
Microsoft Visual Studio Solution File, Format Version 12.00
# Visual Studio Version 17
VisualStudioVersion = 17.6.33801.468
MinimumVisualStudioVersion = 10.0.40219.1
Project("{FAE04EC0-301F-11D3-BF4B-00C04F79EFBC}") = "Project-Game", "Project-Game\Project-Game.csproj", "{56771447-85B0-40BD-9320-7F9CA7F5085E}"
EndProject
Global
	GlobalSection(SolutionConfigurationPlatforms) = preSolution
		Debug|Any CPU = Debug|Any CPU
		Release|Any CPU = Release|Any CPU
	EndGlobalSection
	GlobalSection(ProjectConfigurationPlatforms) = postSolution
		{56771447-85B0-40BD-9320-7F9CA7F5085E}.Debug|Any CPU.ActiveCfg = Debug|Any CPU
		{56771447-85B0-40BD-9320-7F9CA7F5085E}.Debug|Any CPU.Build.0 = Debug|Any CPU
		{56771447-85B0-40BD-9320-7F9CA7F5085E}.Release|Any CPU.ActiveCfg = Release|Any CPU
		{56771447-85B0-40BD-9320-7F9CA7F5085E}.Release|Any CPU.Build.0 = Release|Any CPU
	EndGlobalSection
	GlobalSection(SolutionProperties) = preSolution
		HideSolutionNode = FALSE
	EndGlobalSection
	GlobalSection(ExtensibilityGlobals) = postSolution
		SolutionGuid = {42B361FA-FA4C-41D9-9E55-C796F14364A5}
	EndGlobalSection
EndGlobal
